
Microsoft Visual Studio Solution File, Format Version 12.00
# Visual Studio Version 16
VisualStudioVersion = 16.0.29905.134
MinimumVisualStudioVersion = 10.0.40219.1
Project("{FAE04EC0-301F-11D3-BF4B-00C04F79EFBC}") = "FileTask", "FileTask.csproj", "{C9813393-477F-46DD-9789-C6B920E3FB43}"
EndProject
Global
	GlobalSection(SolutionConfigurationPlatforms) = preSolution
		Debug|Any CPU = Debug|Any CPU
		Release|Any CPU = Release|Any CPU
	EndGlobalSection
	GlobalSection(ProjectConfigurationPlatforms) = postSolution
		{C9813393-477F-46DD-9789-C6B920E3FB43}.Debug|Any CPU.ActiveCfg = Debug|Any CPU
		{C9813393-477F-46DD-9789-C6B920E3FB43}.Debug|Any CPU.Build.0 = Debug|Any CPU
		{C9813393-477F-46DD-9789-C6B920E3FB43}.Release|Any CPU.ActiveCfg = Release|Any CPU
		{C9813393-477F-46DD-9789-C6B920E3FB43}.Release|Any CPU.Build.0 = Release|Any CPU
	EndGlobalSection
	GlobalSection(SolutionProperties) = preSolution
		HideSolutionNode = FALSE
	EndGlobalSection
	GlobalSection(ExtensibilityGlobals) = postSolution
		SolutionGuid = {74435143-2057-455D-A9A0-1FED9C5C4149}
	EndGlobalSection
EndGlobal
